# This file is automatically @generated by Cargo.
# It is not intended for manual editing.
version = 4

[[package]]
name = "toile-app"
version = "0.1.0"
dependencies = [
 "toile-engine",
]

[[package]]
name = "toile-cli"
version = "0.1.0"
dependencies = [
 "toile-engine",
 "toile-sim",
]

[[package]]
name = "toile-doc"
version = "0.1.0"

[[package]]
name = "toile-engine"
version = "0.1.0"
dependencies = [
 "toile-doc",
 "toile-geom",
 "toile-mesh",
 "toile-sim",
]

[[package]]
name = "toile-geom"
version = "0.1.0"

[[package]]
name = "toile-mesh"
version = "0.1.0"
dependencies = [
 "toile-doc",
 "toile-geom",
]

[[package]]
name = "toile-sim"
version = "0.1.0"
